
Microsoft Visual Studio Solution File, Format Version 12.00
# Visual Studio Version 17
VisualStudioVersion = 17.8.34330.188
MinimumVisualStudioVersion = 10.0.40219.1
Project("{9A19103F-16F7-4668-BE54-9A1E7A4F7556}") = "Project1_HANS", "Project1_HANS\Project1_HANS.csproj", "{66681B07-256D-4130-8640-4D5752035366}"
EndProject
Global
	GlobalSection(SolutionConfigurationPlatforms) = preSolution
		Debug|Any CPU = Debug|Any CPU
		Release|Any CPU = Release|Any CPU
	EndGlobalSection
	GlobalSection(ProjectConfigurationPlatforms) = postSolution
		{66681B07-256D-4130-8640-4D5752035366}.Debug|Any CPU.ActiveCfg = Debug|Any CPU
		{66681B07-256D-4130-8640-4D5752035366}.Debug|Any CPU.Build.0 = Debug|Any CPU
		{66681B07-256D-4130-8640-4D5752035366}.Release|Any CPU.ActiveCfg = Release|Any CPU
		{66681B07-256D-4130-8640-4D5752035366}.Release|Any CPU.Build.0 = Release|Any CPU
	EndGlobalSection
	GlobalSection(SolutionProperties) = preSolution
		HideSolutionNode = FALSE
	EndGlobalSection
	GlobalSection(ExtensibilityGlobals) = postSolution
		SolutionGuid = {0F2375A4-1479-44D4-B983-3786A1ACFF53}
	EndGlobalSection
EndGlobal
